// !$*UTF8*$!
{
	archiveVersion = 1;
	classes = {
	};
	objectVersion = 46;
	objects = {

/* Begin PBXBuildFile section */
		079F154A1AB0E5A9000167E0 /* Restaurant.swift in Sources */ = {isa = PBXBuildFile; fileRef = 079F15491AB0E5A8000167E0 /* Restaurant.swift */; };
		079F154E1AB0F0C0000167E0 /* DetailTableViewCell.swift in Sources */ = {isa = PBXBuildFile; fileRef = 079F154D1AB0F0C0000167E0 /* DetailTableViewCell.swift */; };
		CD27DB541AAC74BA00D8747D /* AppDelegate.swift in Sources */ = {isa = PBXBuildFile; fileRef = CD27DB531AAC74BA00D8747D /* AppDelegate.swift */; };
		CD27DB591AAC74BA00D8747D /* Main.storyboard in Resources */ = {isa = PBXBuildFile; fileRef = CD27DB571AAC74BA00D8747D /* Main.storyboard */; };
		CD27DB5B1AAC74BA00D8747D /* Images.xcassets in Resources */ = {isa = PBXBuildFile; fileRef = CD27DB5A1AAC74BA00D8747D /* Images.xcassets */; };
		CD27DB5E1AAC74BA00D8747D /* LaunchScreen.xib in Resources */ = {isa = PBXBuildFile; fileRef = CD27DB5C1AAC74BA00D8747D /* LaunchScreen.xib */; };
		CD27DB6A1AAC74BA00D8747D /* Restaurant_GuideTests.swift in Sources */ = {isa = PBXBuildFile; fileRef = CD27DB691AAC74BA00D8747D /* Restaurant_GuideTests.swift */; };
		CD27DB741AAC88DE00D8747D /* RestaurantTableViewController.swift in Sources */ = {isa = PBXBuildFile; fileRef = CD27DB731AAC88DE00D8747D /* RestaurantTableViewController.swift */; };
		CD27DB761AAC97FB00D8747D /* CustomTableViewCell.swift in Sources */ = {isa = PBXBuildFile; fileRef = CD27DB751AAC97FB00D8747D /* CustomTableViewCell.swift */; };
		CDCF0BBE1AB06296002C5362 /* DetailViewController.swift in Sources */ = {isa = PBXBuildFile; fileRef = CDCF0BBD1AB06296002C5362 /* DetailViewController.swift */; };
/* End PBXBuildFile section */

/* Begin PBXContainerItemProxy section */
		CD27DB641AAC74BA00D8747D /* PBXContainerItemProxy */ = {
			isa = PBXContainerItemProxy;
			containerPortal = CD27DB461AAC74BA00D8747D /* Project object */;
			proxyType = 1;
			remoteGlobalIDString = CD27DB4D1AAC74BA00D8747D;
			remoteInfo = "Restaurant Guide";
		};
/* End PBXContainerItemProxy section */

/* Begin PBXFileReference section */
		079F15491AB0E5A8000167E0 /* Restaurant.swift */ = {isa = PBXFileReference; fileEncoding = 4; lastKnownFileType = sourcecode.swift; path = Restaurant.swift; sourceTree = "<group>"; };
		079F154D1AB0F0C0000167E0 /* DetailTableViewCell.swift */ = {isa = PBXFileReference; fileEncoding = 4; lastKnownFileType = sourcecode.swift; path = DetailTableViewCell.swift; sourceTree = "<group>"; };
		CD27DB4E1AAC74BA00D8747D /* Restaurant Guide.app */ = {isa = PBXFileReference; explicitFileType = wrapper.application; includeInIndex = 0; path = "Restaurant Guide.app"; sourceTree = BUILT_PRODUCTS_DIR; };
		CD27DB521AAC74BA00D8747D /* Info.plist */ = {isa = PBXFileReference; lastKnownFileType = text.plist.xml; path = Info.plist; sourceTree = "<group>"; };
		CD27DB531AAC74BA00D8747D /* AppDelegate.swift */ = {isa = PBXFileReference; lastKnownFileType = sourcecode.swift; path = AppDelegate.swift; sourceTree = "<group>"; };
		CD27DB581AAC74BA00D8747D /* Base */ = {isa = PBXFileReference; lastKnownFileType = file.storyboard; name = Base; path = Base.lproj/Main.storyboard; sourceTree = "<group>"; };
		CD27DB5A1AAC74BA00D8747D /* Images.xcassets */ = {isa = PBXFileReference; lastKnownFileType = folder.assetcatalog; path = Images.xcassets; sourceTree = "<group>"; };
		CD27DB5D1AAC74BA00D8747D /* Base */ = {isa = PBXFileReference; lastKnownFileType = file.xib; name = Base; path = Base.lproj/LaunchScreen.xib; sourceTree = "<group>"; };
		CD27DB631AAC74BA00D8747D /* Restaurant GuideTests.xctest */ = {isa = PBXFileReference; explicitFileType = wrapper.cfbundle; includeInIndex = 0; path = "Restaurant GuideTests.xctest"; sourceTree = BUILT_PRODUCTS_DIR; };
		CD27DB681AAC74BA00D8747D /* Info.plist */ = {isa = PBXFileReference; lastKnownFileType = text.plist.xml; path = Info.plist; sourceTree = "<group>"; };
		CD27DB691AAC74BA00D8747D /* Restaurant_GuideTests.swift */ = {isa = PBXFileReference; lastKnownFileType = sourcecode.swift; path = Restaurant_GuideTests.swift; sourceTree = "<group>"; };
		CD27DB731AAC88DE00D8747D /* RestaurantTableViewController.swift */ = {isa = PBXFileReference; fileEncoding = 4; lastKnownFileType = sourcecode.swift; path = RestaurantTableViewController.swift; sourceTree = "<group>"; };
		CD27DB751AAC97FB00D8747D /* CustomTableViewCell.swift */ = {isa = PBXFileReference; fileEncoding = 4; lastKnownFileType = sourcecode.swift; path = CustomTableViewCell.swift; sourceTree = "<group>"; };
		CDCF0BBD1AB06296002C5362 /* DetailViewController.swift */ = {isa = PBXFileReference; fileEncoding = 4; lastKnownFileType = sourcecode.swift; path = DetailViewController.swift; sourceTree = "<group>"; };
/* End PBXFileReference section */

/* Begin PBXFrameworksBuildPhase section */
		CD27DB4B1AAC74BA00D8747D /* Frameworks */ = {
			isa = PBXFrameworksBuildPhase;
			buildActionMask = 2147483647;
			files = (
			);
			runOnlyForDeploymentPostprocessing = 0;
		};
		CD27DB601AAC74BA00D8747D /* Frameworks */ = {
			isa = PBXFrameworksBuildPhase;
			buildActionMask = 2147483647;
			files = (
			);
			runOnlyForDeploymentPostprocessing = 0;
		};
/* End PBXFrameworksBuildPhase section */

/* Begin PBXGroup section */
		CD27DB451AAC74BA00D8747D = {
			isa = PBXGroup;
			children = (
				CD27DB501AAC74BA00D8747D /* Restaurant Guide */,
				CD27DB661AAC74BA00D8747D /* Restaurant GuideTests */,
				CD27DB4F1AAC74BA00D8747D /* Products */,
			);
			sourceTree = "<group>";
		};
		CD27DB4F1AAC74BA00D8747D /* Products */ = {
			isa = PBXGroup;
			children = (
				CD27DB4E1AAC74BA00D8747D /* Restaurant Guide.app */,
				CD27DB631AAC74BA00D8747D /* Restaurant GuideTests.xctest */,
			);
			name = Products;
			sourceTree = "<group>";
		};
		CD27DB501AAC74BA00D8747D /* Restaurant Guide */ = {
			isa = PBXGroup;
			children = (
				CD27DB531AAC74BA00D8747D /* AppDelegate.swift */,
				CD27DB571AAC74BA00D8747D /* Main.storyboard */,
				CD27DB731AAC88DE00D8747D /* RestaurantTableViewController.swift */,
				CD27DB751AAC97FB00D8747D /* CustomTableViewCell.swift */,
				CDCF0BBD1AB06296002C5362 /* DetailViewController.swift */,
				079F154D1AB0F0C0000167E0 /* DetailTableViewCell.swift */,
				079F15491AB0E5A8000167E0 /* Restaurant.swift */,
				CD27DB5A1AAC74BA00D8747D /* Images.xcassets */,
				CD27DB5C1AAC74BA00D8747D /* LaunchScreen.xib */,
				CD27DB511AAC74BA00D8747D /* Supporting Files */,
			);
			path = "Restaurant Guide";
			sourceTree = "<group>";
		};
		CD27DB511AAC74BA00D8747D /* Supporting Files */ = {
			isa = PBXGroup;
			children = (
				CD27DB521AAC74BA00D8747D /* Info.plist */,
			);
			name = "Supporting Files";
			sourceTree = "<group>";
		};
		CD27DB661AAC74BA00D8747D /* Restaurant GuideTests */ = {
			isa = PBXGroup;
			children = (
				CD27DB691AAC74BA00D8747D /* Restaurant_GuideTests.swift */,
				CD27DB671AAC74BA00D8747D /* Supporting Files */,
			);
			path = "Restaurant GuideTests";
			sourceTree = "<group>";
		};
		CD27DB671AAC74BA00D8747D /* Supporting Files */ = {
			isa = PBXGroup;
			children = (
				CD27DB681AAC74BA00D8747D /* Info.plist */,
			);
			name = "Supporting Files";
			sourceTree = "<group>";
		};
/* End PBXGroup section */

/* Begin PBXNativeTarget section */
		CD27DB4D1AAC74BA00D8747D /* Restaurant Guide */ = {
			isa = PBXNativeTarget;
			buildConfigurationList = CD27DB6D1AAC74BA00D8747D /* Build configuration list for PBXNativeTarget "Restaurant Guide" */;
			buildPhases = (
				CD27DB4A1AAC74BA00D8747D /* Sources */,
				CD27DB4B1AAC74BA00D8747D /* Frameworks */,
				CD27DB4C1AAC74BA00D8747D /* Resources */,
			);
			buildRules = (
			);
			dependencies = (
			);
			name = "Restaurant Guide";
			productName = "Restaurant Guide";
			productReference = CD27DB4E1AAC74BA00D8747D /* Restaurant Guide.app */;
			productType = "com.apple.product-type.application";
		};
		CD27DB621AAC74BA00D8747D /* Restaurant GuideTests */ = {
			isa = PBXNativeTarget;
			buildConfigurationList = CD27DB701AAC74BA00D8747D /* Build configuration list for PBXNativeTarget "Restaurant GuideTests" */;
			buildPhases = (
				CD27DB5F1AAC74BA00D8747D /* Sources */,
				CD27DB601AAC74BA00D8747D /* Frameworks */,
				CD27DB611AAC74BA00D8747D /* Resources */,
			);
			buildRules = (
			);
			dependencies = (
				CD27DB651AAC74BA00D8747D /* PBXTargetDependency */,
			);
			name = "Restaurant GuideTests";
			productName = "Restaurant GuideTests";
			productReference = CD27DB631AAC74BA00D8747D /* Restaurant GuideTests.xctest */;
			productType = "com.apple.product-type.bundle.unit-test";
		};
/* End PBXNativeTarget section */

/* Begin PBXProject section */
		CD27DB461AAC74BA00D8747D /* Project object */ = {
			isa = PBXProject;
			attributes = {
				LastUpgradeCheck = 0610;
				ORGANIZATIONNAME = "Andrea Antonacci";
				TargetAttributes = {
					CD27DB4D1AAC74BA00D8747D = {
						CreatedOnToolsVersion = 6.1.1;
					};
					CD27DB621AAC74BA00D8747D = {
						CreatedOnToolsVersion = 6.1.1;
						TestTargetID = CD27DB4D1AAC74BA00D8747D;
					};
				};
			};
			buildConfigurationList = CD27DB491AAC74BA00D8747D /* Build configuration list for PBXProject "Restaurant Guide" */;
			compatibilityVersion = "Xcode 3.2";
			developmentRegion = English;
			hasScannedForEncodings = 0;
			knownRegions = (
				en,
				Base,
			);
			mainGroup = CD27DB451AAC74BA00D8747D;
			productRefGroup = CD27DB4F1AAC74BA00D8747D /* Products */;
			projectDirPath = "";
			projectRoot = "";
			targets = (
				CD27DB4D1AAC74BA00D8747D /* Restaurant Guide */,
				CD27DB621AAC74BA00D8747D /* Restaurant GuideTests */,
			);
		};
/* End PBXProject section */

/* Begin PBXResourcesBuildPhase section */
		CD27DB4C1AAC74BA00D8747D /* Resources */ = {
			isa = PBXResourcesBuildPhase;
			buildActionMask = 2147483647;
			files = (
				CD27DB591AAC74BA00D8747D /* Main.storyboard in Resources */,
				CD27DB5E1AAC74BA00D8747D /* LaunchScreen.xib in Resources */,
				CD27DB5B1AAC74BA00D8747D /* Images.xcassets in Resources */,
			);
			runOnlyForDeploymentPostprocessing = 0;
		};
		CD27DB611AAC74BA00D8747D /* Resources */ = {
			isa = PBXResourcesBuildPhase;
			buildActionMask = 2147483647;
			files = (
			);
			runOnlyForDeploymentPostprocessing = 0;
		};
/* End PBXResourcesBuildPhase section */

/* Begin PBXSourcesBuildPhase section */
		CD27DB4A1AAC74BA00D8747D /* Sources */ = {
			isa = PBXSourcesBuildPhase;
			buildActionMask = 2147483647;
			files = (
				079F154E1AB0F0C0000167E0 /* DetailTableViewCell.swift in Sources */,
				079F154A1AB0E5A9000167E0 /* Restaurant.swift in Sources */,
				CD27DB761AAC97FB00D8747D /* CustomTableViewCell.swift in Sources */,
				CD27DB741AAC88DE00D8747D /* RestaurantTableViewController.swift in Sources */,
				CD27DB541AAC74BA00D8747D /* AppDelegate.swift in Sources */,
				CDCF0BBE1AB06296002C5362 /* DetailViewController.swift in Sources */,
			);
			runOnlyForDeploymentPostprocessing = 0;
		};
		CD27DB5F1AAC74BA00D8747D /* Sources */ = {
			isa = PBXSourcesBuildPhase;
			buildActionMask = 2147483647;
			files = (
				CD27DB6A1AAC74BA00D8747D /* Restaurant_GuideTests.swift in Sources */,
			);
			runOnlyForDeploymentPostprocessing = 0;
		};
/* End PBXSourcesBuildPhase section */

/* Begin PBXTargetDependency section */
		CD27DB651AAC74BA00D8747D /* PBXTargetDependency */ = {
			isa = PBXTargetDependency;
			target = CD27DB4D1AAC74BA00D8747D /* Restaurant Guide */;
			targetProxy = CD27DB641AAC74BA00D8747D /* PBXContainerItemProxy */;
		};
/* End PBXTargetDependency section */

/* Begin PBXVariantGroup section */
		CD27DB571AAC74BA00D8747D /* Main.storyboard */ = {
			isa = PBXVariantGroup;
			children = (
				CD27DB581AAC74BA00D8747D /* Base */,
			);
			name = Main.storyboard;
			sourceTree = "<group>";
		};
		CD27DB5C1AAC74BA00D8747D /* LaunchScreen.xib */ = {
			isa = PBXVariantGroup;
			children = (
				CD27DB5D1AAC74BA00D8747D /* Base */,
			);
			name = LaunchScreen.xib;
			sourceTree = "<group>";
		};
/* End PBXVariantGroup section */

/* Begin XCBuildConfiguration section */
		CD27DB6B1AAC74BA00D8747D /* Debug */ = {
			isa = XCBuildConfiguration;
			buildSettings = {
				ALWAYS_SEARCH_USER_PATHS = NO;
				CLANG_CXX_LANGUAGE_STANDARD = "gnu++0x";
				CLANG_CXX_LIBRARY = "libc++";
				CLANG_ENABLE_MODULES = YES;
				CLANG_ENABLE_OBJC_ARC = YES;
				CLANG_WARN_BOOL_CONVERSION = YES;
				CLANG_WARN_CONSTANT_CONVERSION = YES;
				CLANG_WARN_DIRECT_OBJC_ISA_USAGE = YES_ERROR;
				CLANG_WARN_EMPTY_BODY = YES;
				CLANG_WARN_ENUM_CONVERSION = YES;
				CLANG_WARN_INT_CONVERSION = YES;
				CLANG_WARN_OBJC_ROOT_CLASS = YES_ERROR;
				CLANG_WARN_UNREACHABLE_CODE = YES;
				CLANG_WARN__DUPLICATE_METHOD_MATCH = YES;
				"CODE_SIGN_IDENTITY[sdk=iphoneos*]" = "iPhone Developer";
				COPY_PHASE_STRIP = NO;
				ENABLE_STRICT_OBJC_MSGSEND = YES;
				GCC_C_LANGUAGE_STANDARD = gnu99;
				GCC_DYNAMIC_NO_PIC = NO;
				GCC_OPTIMIZATION_LEVEL = 0;
				GCC_PREPROCESSOR_DEFINITIONS = (
					"DEBUG=1",
					"$(inherited)",
				);
				GCC_SYMBOLS_PRIVATE_EXTERN = NO;
				GCC_WARN_64_TO_32_BIT_CONVERSION = YES;
				GCC_WARN_ABOUT_RETURN_TYPE = YES_ERROR;
				GCC_WARN_UNDECLARED_SELECTOR = YES;
				GCC_WARN_UNINITIALIZED_AUTOS = YES_AGGRESSIVE;
				GCC_WARN_UNUSED_FUNCTION = YES;
				GCC_WARN_UNUSED_VARIABLE = YES;
				IPHONEOS_DEPLOYMENT_TARGET = 8.1;
				MTL_ENABLE_DEBUG_INFO = YES;
				ONLY_ACTIVE_ARCH = YES;
				SDKROOT = iphoneos;
				SWIFT_OPTIMIZATION_LEVEL = "-Onone";
			};
			name = Debug;
		};
		CD27DB6C1AAC74BA00D8747D /* Release */ = {
			isa = XCBuildConfiguration;
			buildSettings = {
				ALWAYS_SEARCH_USER_PATHS = NO;
				CLANG_CXX_LANGUAGE_STANDARD = "gnu++0x";
				CLANG_CXX_LIBRARY = "libc++";
				CLANG_ENABLE_MODULES = YES;
				CLANG_ENABLE_OBJC_ARC = YES;
				CLANG_WARN_BOOL_CONVERSION = YES;
				CLANG_WARN_CONSTANT_CONVERSION = YES;
				CLANG_WARN_DIRECT_OBJC_ISA_USAGE = YES_ERROR;
				CLANG_WARN_EMPTY_BODY = YES;
				CLANG_WARN_ENUM_CONVERSION = YES;
				CLANG_WARN_INT_CONVERSION = YES;
				CLANG_WARN_OBJC_ROOT_CLASS = YES_ERROR;
				CLANG_WARN_UNREACHABLE_CODE = YES;
				CLANG_WARN__DUPLICATE_METHOD_MATCH = YES;
				"CODE_SIGN_IDENTITY[sdk=iphoneos*]" = "iPhone Developer";
				COPY_PHASE_STRIP = YES;
				ENABLE_NS_ASSERTIONS = NO;
				ENABLE_STRICT_OBJC_MSGSEND = YES;
				GCC_C_LANGUAGE_STANDARD = gnu99;
				GCC_WARN_64_TO_32_BIT_CONVERSION = YES;
				GCC_WARN_ABOUT_RETURN_TYPE = YES_ERROR;
				GCC_WARN_UNDECLARED_SELECTOR = YES;
				GCC_WARN_UNINITIALIZED_AUTOS = YES_AGGRESSIVE;
				GCC_WARN_UNUSED_FUNCTION = YES;
				GCC_WARN_UNUSED_VARIABLE = YES;
				IPHONEOS_DEPLOYMENT_TARGET = 8.1;
				MTL_ENABLE_DEBUG_INFO = NO;
				SDKROOT = iphoneos;
				VALIDATE_PRODUCT = YES;
			};
			name = Release;
		};
		CD27DB6E1AAC74BA00D8747D /* Debug */ = {
			isa = XCBuildConfiguration;
			buildSettings = {
				ASSETCATALOG_COMPILER_APPICON_NAME = AppIcon;
				INFOPLIST_FILE = "Restaurant Guide/Info.plist";
				LD_RUNPATH_SEARCH_PATHS = "$(inherited) @executable_path/Frameworks";
				PRODUCT_NAME = "$(TARGET_NAME)";
			};
			name = Debug;
		};
		CD27DB6F1AAC74BA00D8747D /* Release */ = {
			isa = XCBuildConfiguration;
			buildSettings = {
				ASSETCATALOG_COMPILER_APPICON_NAME = AppIcon;
				INFOPLIST_FILE = "Restaurant Guide/Info.plist";
				LD_RUNPATH_SEARCH_PATHS = "$(inherited) @executable_path/Frameworks";
				PRODUCT_NAME = "$(TARGET_NAME)";
			};
			name = Release;
		};
		CD27DB711AAC74BA00D8747D /* Debug */ = {
			isa = XCBuildConfiguration;
			buildSettings = {
				BUNDLE_LOADER = "$(TEST_HOST)";
				FRAMEWORK_SEARCH_PATHS = (
					"$(SDKROOT)/Developer/Library/Frameworks",
					"$(inherited)",
				);
				GCC_PREPROCESSOR_DEFINITIONS = (
					"DEBUG=1",
					"$(inherited)",
				);
				INFOPLIST_FILE = "Restaurant GuideTests/Info.plist";
				LD_RUNPATH_SEARCH_PATHS = "$(inherited) @executable_path/Frameworks @loader_path/Frameworks";
				PRODUCT_NAME = "$(TARGET_NAME)";
				TEST_HOST = "$(BUILT_PRODUCTS_DIR)/Restaurant Guide.app/Restaurant Guide";
			};
			name = Debug;
		};
		CD27DB721AAC74BA00D8747D /* Release */ = {
			isa = XCBuildConfiguration;
			buildSettings = {
				BUNDLE_LOADER = "$(TEST_HOST)";
				FRAMEWORK_SEARCH_PATHS = (
					"$(SDKROOT)/Developer/Library/Frameworks",
					"$(inherited)",
				);
				INFOPLIST_FILE = "Restaurant GuideTests/Info.plist";
				LD_RUNPATH_SEARCH_PATHS = "$(inherited) @executable_path/Frameworks @loader_path/Frameworks";
				PRODUCT_NAME = "$(TARGET_NAME)";
				TEST_HOST = "$(BUILT_PRODUCTS_DIR)/Restaurant Guide.app/Restaurant Guide";
			};
			name = Release;
		};
/* End XCBuildConfiguration section */

/* Begin XCConfigurationList section */
		CD27DB491AAC74BA00D8747D /* Build configuration list for PBXProject "Restaurant Guide" */ = {
			isa = XCConfigurationList;
			buildConfigurations = (
				CD27DB6B1AAC74BA00D8747D /* Debug */,
				CD27DB6C1AAC74BA00D8747D /* Release */,
			);
			defaultConfigurationIsVisible = 0;
			defaultConfigurationName = Release;
		};
		CD27DB6D1AAC74BA00D8747D /* Build configuration list for PBXNativeTarget "Restaurant Guide" */ = {
			isa = XCConfigurationList;
			buildConfigurations = (
				CD27DB6E1AAC74BA00D8747D /* Debug */,
				CD27DB6F1AAC74BA00D8747D /* Release */,
			);
			defaultConfigurationIsVisible = 0;
			defaultConfigurationName = Release;
		};
		CD27DB701AAC74BA00D8747D /* Build configuration list for PBXNativeTarget "Restaurant GuideTests" */ = {
			isa = XCConfigurationList;
			buildConfigurations = (
				CD27DB711AAC74BA00D8747D /* Debug */,
				CD27DB721AAC74BA00D8747D /* Release */,
			);
			defaultConfigurationIsVisible = 0;
			defaultConfigurationName = Release;
		};
/* End XCConfigurationList section */
	};
	rootObject = CD27DB461AAC74BA00D8747D /* Project object */;
}
